<?xml version="1.0" encoding="utf-8"?>
<Project ToolsVersion="4.0" xmlns="http://schemas.microsoft.com/developer/msbuild/2003">
  <ItemGroup>
    <Filter Include="Source Files">
      <UniqueIdentifier>{4FC737F1-C7A5-4376-A066-2A32D752A2FF}</UniqueIdentifier>
      <Extensions>cpp;c;cc;cxx;def;odl;idl;hpj;bat;asm;asmx</Extensions>
    </Filter>
    <Filter Include="Header Files">
      <UniqueIdentifier>{93995380-89BD-4b04-88EB-625FBE52EBFB}</UniqueIdentifier>
      <Extensions>h;hpp;hxx;hm;inl;inc;xsd</Extensions>
    </Filter>
    <Filter Include="Resource Files">
      <UniqueIdentifier>{67DA6AB6-F800-4c08-8B7A-83BB121AAD01}</UniqueIdentifier>
      <Extensions>rc;ico;cur;bmp;dlg;rc2;rct;bin;rgs;gif;jpg;jpeg;jpe;resx;tiff;tif;png;wav;mfcribbon-ms</Extensions>
    </Filter>
  </ItemGroup>
  <ItemGroup>
    <ClInclude Include="Token.h">
      <Filter>Header Files</Filter>
    </ClInclude>
    <ClInclude Include="Lexer.h">
      <Filter>Header Files</Filter>
    </ClInclude>
    <ClInclude Include="Util.h">
      <Filter>Header Files</Filter>
    </ClInclude>
    <ClInclude Include="Location.h">
      <Filter>Header Files</Filter>
    </ClInclude>
    <ClInclude Include="Error.h">
      <Filter>Header Files</Filter>
    </ClInclude>
    <ClInclude Include="AstNode.h">
      <Filter>Header Files</Filter>
    </ClInclude>
    <ClInclude Include="Expr.h">
      <Filter>Header Files</Filter>
    </ClInclude>
    <ClInclude Include="Parser.h">
      <Filter>Header Files</Filter>
    </ClInclude>
    <ClInclude Include="Scope.h">
      <Filter>Header Files</Filter>
    </ClInclude>
    <ClInclude Include="Sema.h">
      <Filter>Header Files</Filter>
    </ClInclude>
    <ClInclude Include="SemaNodes.h">
      <Filter>Header Files</Filter>
    </ClInclude>
    <ClInclude Include="Stmt.h">
      <Filter>Header Files</Filter>
    </ClInclude>
    <ClInclude Include="Type.h">
      <Filter>Header Files</Filter>
    </ClInclude>
    <ClInclude Include=".\Module.h">
      <Filter>Header Files</Filter>
    </ClInclude>
    <ClInclude Include=".\Global.h">
      <Filter>Header Files</Filter>
    </ClInclude>
    <ClInclude Include="AstWalker.h">
      <Filter>Header Files</Filter>
    </ClInclude>
    <ClInclude Include="Value.h">
      <Filter>Header Files</Filter>
    </ClInclude>
    <ClInclude Include="LLVM.h">
      <Filter>Header Files</Filter>
    </ClInclude>
    <ClInclude Include="CodeGen.h">
      <Filter>Header Files</Filter>
    </ClInclude>
    <ClInclude Include="Intrinsic.h">
      <Filter>Header Files</Filter>
    </ClInclude>
    <ClInclude Include="Exec.h">
      <Filter>Header Files</Filter>
    </ClInclude>
  </ItemGroup>
  <ItemGroup>
    <ClCompile Include="Token.cpp">
      <Filter>Source Files</Filter>
    </ClCompile>
    <ClCompile Include="Lexer.cpp">
      <Filter>Source Files</Filter>
    </ClCompile>
    <ClCompile Include="test.cpp">
      <Filter>Source Files</Filter>
    </ClCompile>
    <ClCompile Include="Util.cpp">
      <Filter>Source Files</Filter>
    </ClCompile>
    <ClCompile Include="Location.cpp">
      <Filter>Source Files</Filter>
    </ClCompile>
    <ClCompile Include="Error.cpp">
      <Filter>Source Files</Filter>
    </ClCompile>
    <ClCompile Include="DeclParser.cpp">
      <Filter>Source Files</Filter>
    </ClCompile>
    <ClCompile Include="ExprParser.cpp">
      <Filter>Source Files</Filter>
    </ClCompile>
    <ClCompile Include="Scope.cpp">
      <Filter>Source Files</Filter>
    </ClCompile>
    <ClCompile Include="Sema1.cpp">
      <Filter>Source Files</Filter>
    </ClCompile>
    <ClCompile Include="StmtParser.cpp">
      <Filter>Source Files</Filter>
    </ClCompile>
    <ClCompile Include="Type.cpp">
      <Filter>Source Files</Filter>
    </ClCompile>
    <ClCompile Include="TypeParser.cpp">
      <Filter>Source Files</Filter>
    </ClCompile>
    <ClCompile Include=".\Module.cpp">
      <Filter>Source Files</Filter>
    </ClCompile>
    <ClCompile Include=".\Global.cpp">
      <Filter>Source Files</Filter>
    </ClCompile>
    <ClCompile Include="Sema.cpp">
      <Filter>Source Files</Filter>
    </ClCompile>
    <ClCompile Include="SemaImport.cpp">
      <Filter>Source Files</Filter>
    </ClCompile>
    <ClCompile Include="Value.cpp">
      <Filter>Source Files</Filter>
    </ClCompile>
    <ClCompile Include="Intrinsic.cpp">
      <Filter>Source Files</Filter>
    </ClCompile>
    <ClCompile Include="AstNode.cpp">
      <Filter>Source Files</Filter>
    </ClCompile>
    <ClCompile Include="CodeGen.cpp">
      <Filter>Source Files</Filter>
    </ClCompile>
    <ClCompile Include=".\Exec.cpp">
      <Filter>Source Files</Filter>
    </ClCompile>
  </ItemGroup>
  <ItemGroup>
    <None Include="..\test.vc">
      <Filter>Resource Files</Filter>
    </None>
    <None Include="..\test2.vc">
      <Filter>Resource Files</Filter>
    </None>
    <None Include="..\intrinsic">
      <Filter>Resource Files</Filter>
    </None>
  </ItemGroup>
</Project>